
Microsoft Visual Studio Solution File, Format Version 12.00
# Visual Studio Version 16
VisualStudioVersion = 16.0.31402.337
MinimumVisualStudioVersion = 10.0.40219.1
Project("{9A19103F-16F7-4668-BE54-9A1E7A4F7556}") = "WPF.UI", "WPF.UI\WPF.UI.csproj", "{F3487FBD-4714-4909-A4A0-D164CE942EE0}"
EndProject
Project("{FAE04EC0-301F-11D3-BF4B-00C04F79EFBC}") = "Services", "Services\Services.csproj", "{2FAD1820-1784-4B3F-ABBC-DD009EB89CB5}"
EndProject
Global
	GlobalSection(SolutionConfigurationPlatforms) = preSolution
		Debug|Any CPU = Debug|Any CPU
		Release|Any CPU = Release|Any CPU
	EndGlobalSection
	GlobalSection(ProjectConfigurationPlatforms) = postSolution
		{F3487FBD-4714-4909-A4A0-D164CE942EE0}.Debug|Any CPU.ActiveCfg = Debug|Any CPU
		{F3487FBD-4714-4909-A4A0-D164CE942EE0}.Debug|Any CPU.Build.0 = Debug|Any CPU
		{F3487FBD-4714-4909-A4A0-D164CE942EE0}.Release|Any CPU.ActiveCfg = Release|Any CPU
		{F3487FBD-4714-4909-A4A0-D164CE942EE0}.Release|Any CPU.Build.0 = Release|Any CPU
		{2FAD1820-1784-4B3F-ABBC-DD009EB89CB5}.Debug|Any CPU.ActiveCfg = Debug|Any CPU
		{2FAD1820-1784-4B3F-ABBC-DD009EB89CB5}.Debug|Any CPU.Build.0 = Debug|Any CPU
		{2FAD1820-1784-4B3F-ABBC-DD009EB89CB5}.Release|Any CPU.ActiveCfg = Release|Any CPU
		{2FAD1820-1784-4B3F-ABBC-DD009EB89CB5}.Release|Any CPU.Build.0 = Release|Any CPU
	EndGlobalSection
	GlobalSection(SolutionProperties) = preSolution
		HideSolutionNode = FALSE
	EndGlobalSection
	GlobalSection(ExtensibilityGlobals) = postSolution
		SolutionGuid = {981F29DD-5E73-417F-B892-ACC41E23EB70}
	EndGlobalSection
EndGlobal
